
Microsoft Visual Studio Solution File, Format Version 12.00
Project("{2150E333-8FDC-42A3-9474-1A3956D46DE8}") = "src", "src", "{FCCC9344-F217-4556-B1FF-83D8FEF452C8}"
EndProject
Project("{2150E333-8FDC-42A3-9474-1A3956D46DE8}") = "Core", "Core", "{8CBD2C82-EDA9-4E7B-AC6E-26CAB4C58FFE}"
EndProject
Project("{2150E333-8FDC-42A3-9474-1A3956D46DE8}") = "Infrastructure", "Infrastructure", "{848B6814-F6C9-4B74-905A-FF5D21F14198}"
EndProject
Project("{2150E333-8FDC-42A3-9474-1A3956D46DE8}") = "Presentation", "Presentation", "{AD61143D-A106-473D-997C-5B7C2A758019}"
EndProject
Project("{FAE04EC0-301F-11D3-BF4B-00C04F79EFBC}") = "ECommerce.Domain", "src\Core\ECommerce.Domain\ECommerce.Domain.csproj", "{FF3CE607-6E29-4656-A9C6-C3154DFED2DD}"
EndProject
Project("{FAE04EC0-301F-11D3-BF4B-00C04F79EFBC}") = "ECommerce.Application", "src\Core\ECommerce.Application\ECommerce.Application.csproj", "{00E04995-EA54-4D80-B38B-32F00F11AA99}"
EndProject
Project("{FAE04EC0-301F-11D3-BF4B-00C04F79EFBC}") = "ECommerce.EfCore", "src\Infrastructure\ECommerce.EfCore\ECommerce.EfCore.csproj", "{7A266481-AA80-40D3-8987-D69FA6DB6C61}"
EndProject
Project("{FAE04EC0-301F-11D3-BF4B-00C04F79EFBC}") = "ECommerce.WebAPI", "src\Presentation\ECommerce.WebAPI\ECommerce.WebAPI.csproj", "{8E948D63-423C-4E01-9E2D-B4342722ACD8}"
EndProject
Global
	GlobalSection(SolutionConfigurationPlatforms) = preSolution
		Debug|Any CPU = Debug|Any CPU
		Release|Any CPU = Release|Any CPU
	EndGlobalSection
	GlobalSection(NestedProjects) = preSolution
		{8CBD2C82-EDA9-4E7B-AC6E-26CAB4C58FFE} = {FCCC9344-F217-4556-B1FF-83D8FEF452C8}
		{848B6814-F6C9-4B74-905A-FF5D21F14198} = {FCCC9344-F217-4556-B1FF-83D8FEF452C8}
		{AD61143D-A106-473D-997C-5B7C2A758019} = {FCCC9344-F217-4556-B1FF-83D8FEF452C8}
		{FF3CE607-6E29-4656-A9C6-C3154DFED2DD} = {8CBD2C82-EDA9-4E7B-AC6E-26CAB4C58FFE}
		{00E04995-EA54-4D80-B38B-32F00F11AA99} = {8CBD2C82-EDA9-4E7B-AC6E-26CAB4C58FFE}
		{7A266481-AA80-40D3-8987-D69FA6DB6C61} = {848B6814-F6C9-4B74-905A-FF5D21F14198}
		{8E948D63-423C-4E01-9E2D-B4342722ACD8} = {AD61143D-A106-473D-997C-5B7C2A758019}
	EndGlobalSection
	GlobalSection(ProjectConfigurationPlatforms) = postSolution
		{FF3CE607-6E29-4656-A9C6-C3154DFED2DD}.Debug|Any CPU.ActiveCfg = Debug|Any CPU
		{FF3CE607-6E29-4656-A9C6-C3154DFED2DD}.Debug|Any CPU.Build.0 = Debug|Any CPU
		{FF3CE607-6E29-4656-A9C6-C3154DFED2DD}.Release|Any CPU.ActiveCfg = Release|Any CPU
		{FF3CE607-6E29-4656-A9C6-C3154DFED2DD}.Release|Any CPU.Build.0 = Release|Any CPU
		{00E04995-EA54-4D80-B38B-32F00F11AA99}.Debug|Any CPU.ActiveCfg = Debug|Any CPU
		{00E04995-EA54-4D80-B38B-32F00F11AA99}.Debug|Any CPU.Build.0 = Debug|Any CPU
		{00E04995-EA54-4D80-B38B-32F00F11AA99}.Release|Any CPU.ActiveCfg = Release|Any CPU
		{00E04995-EA54-4D80-B38B-32F00F11AA99}.Release|Any CPU.Build.0 = Release|Any CPU
		{7A266481-AA80-40D3-8987-D69FA6DB6C61}.Debug|Any CPU.ActiveCfg = Debug|Any CPU
		{7A266481-AA80-40D3-8987-D69FA6DB6C61}.Debug|Any CPU.Build.0 = Debug|Any CPU
		{7A266481-AA80-40D3-8987-D69FA6DB6C61}.Release|Any CPU.ActiveCfg = Release|Any CPU
		{7A266481-AA80-40D3-8987-D69FA6DB6C61}.Release|Any CPU.Build.0 = Release|Any CPU
		{8E948D63-423C-4E01-9E2D-B4342722ACD8}.Debug|Any CPU.ActiveCfg = Debug|Any CPU
		{8E948D63-423C-4E01-9E2D-B4342722ACD8}.Debug|Any CPU.Build.0 = Debug|Any CPU
		{8E948D63-423C-4E01-9E2D-B4342722ACD8}.Release|Any CPU.ActiveCfg = Release|Any CPU
		{8E948D63-423C-4E01-9E2D-B4342722ACD8}.Release|Any CPU.Build.0 = Release|Any CPU
	EndGlobalSection
EndGlobal
